
Microsoft Visual Studio Solution File, Format Version 12.00
# Visual Studio 2013
VisualStudioVersion = 12.0.31101.0
MinimumVisualStudioVersion = 10.0.40219.1
Project("{FAE04EC0-301F-11D3-BF4B-00C04F79EFBC}") = "OwinLight", "OwinLight\OwinLight.csproj", "{66809419-05C4-4F30-B9D3-EA7156167ECF}"
EndProject
Project("{FAE04EC0-301F-11D3-BF4B-00C04F79EFBC}") = "owinhost", "owinhost\owinhost.csproj", "{74595774-0CED-447E-AD19-EC4FB1CE2B56}"
EndProject
Project("{FAE04EC0-301F-11D3-BF4B-00C04F79EFBC}") = "OwinLight.Test", "OwinLight.Test\OwinLight.Test.csproj", "{4F1F298D-ED40-4832-AD3C-4C3437BACA38}"
EndProject
Project("{FAE04EC0-301F-11D3-BF4B-00C04F79EFBC}") = "owinwebhost", "owinwebhost\owinwebhost.csproj", "{489F5C14-2179-4F99-B2B3-59005C5E7C57}"
EndProject
Global
	GlobalSection(SolutionConfigurationPlatforms) = preSolution
		Debug|Any CPU = Debug|Any CPU
		Release|Any CPU = Release|Any CPU
	EndGlobalSection
	GlobalSection(ProjectConfigurationPlatforms) = postSolution
		{66809419-05C4-4F30-B9D3-EA7156167ECF}.Debug|Any CPU.ActiveCfg = Debug|Any CPU
		{66809419-05C4-4F30-B9D3-EA7156167ECF}.Debug|Any CPU.Build.0 = Debug|Any CPU
		{66809419-05C4-4F30-B9D3-EA7156167ECF}.Release|Any CPU.ActiveCfg = Release|Any CPU
		{66809419-05C4-4F30-B9D3-EA7156167ECF}.Release|Any CPU.Build.0 = Release|Any CPU
		{74595774-0CED-447E-AD19-EC4FB1CE2B56}.Debug|Any CPU.ActiveCfg = Debug|Any CPU
		{74595774-0CED-447E-AD19-EC4FB1CE2B56}.Debug|Any CPU.Build.0 = Debug|Any CPU
		{74595774-0CED-447E-AD19-EC4FB1CE2B56}.Release|Any CPU.ActiveCfg = Release|Any CPU
		{74595774-0CED-447E-AD19-EC4FB1CE2B56}.Release|Any CPU.Build.0 = Release|Any CPU
		{4F1F298D-ED40-4832-AD3C-4C3437BACA38}.Debug|Any CPU.ActiveCfg = Debug|Any CPU
		{4F1F298D-ED40-4832-AD3C-4C3437BACA38}.Debug|Any CPU.Build.0 = Debug|Any CPU
		{4F1F298D-ED40-4832-AD3C-4C3437BACA38}.Release|Any CPU.ActiveCfg = Release|Any CPU
		{4F1F298D-ED40-4832-AD3C-4C3437BACA38}.Release|Any CPU.Build.0 = Release|Any CPU
		{489F5C14-2179-4F99-B2B3-59005C5E7C57}.Debug|Any CPU.ActiveCfg = Debug|Any CPU
		{489F5C14-2179-4F99-B2B3-59005C5E7C57}.Debug|Any CPU.Build.0 = Debug|Any CPU
		{489F5C14-2179-4F99-B2B3-59005C5E7C57}.Release|Any CPU.ActiveCfg = Release|Any CPU
		{489F5C14-2179-4F99-B2B3-59005C5E7C57}.Release|Any CPU.Build.0 = Release|Any CPU
	EndGlobalSection
	GlobalSection(SolutionProperties) = preSolution
		HideSolutionNode = FALSE
	EndGlobalSection
EndGlobal
